<?xml version="1.0" encoding="UTF-8"?>
<!DOCTYPE plist PUBLIC "-//Apple//DTD PLIST 1.0//EN" "http://www.apple.com/DTDs/PropertyList-1.0.dtd">
<plist version="1.0">
<dict>
	<key>archiveVersion</key>
	<string>1</string>
	<key>classes</key>
	<dict/>
	<key>objectVersion</key>
	<string>46</string>
	<key>objects</key>
	<dict>
		<key>03645F2011B24E10B462532E</key>
		<dict>
			<key>buildActionMask</key>
			<string>2147483647</string>
			<key>files</key>
			<array/>
			<key>inputPaths</key>
			<array/>
			<key>isa</key>
			<string>PBXShellScriptBuildPhase</string>
			<key>name</key>
			<string>Copy Pods Resources</string>
			<key>outputPaths</key>
			<array/>
			<key>runOnlyForDeploymentPostprocessing</key>
			<string>0</string>
			<key>shellPath</key>
			<string>/bin/sh</string>
			<key>shellScript</key>
			<string>"${SRCROOT}/Pods/Pods-resources.sh"
</string>
			<key>showEnvVarsInLog</key>
			<string>0</string>
		</dict>
		<key>068C925544A84ED291ADA086</key>
		<dict>
			<key>includeInIndex</key>
			<string>1</string>
			<key>isa</key>
			<string>PBXFileReference</string>
			<key>lastKnownFileType</key>
			<string>text.xcconfig</string>
			<key>name</key>
			<string>Pods.xcconfig</string>
			<key>path</key>
			<string>Pods/Pods.xcconfig</string>
			<key>sourceTree</key>
			<string>SOURCE_ROOT</string>
		</dict>
		<key>416EF7F4DD18483B947CC003</key>
		<dict>
			<key>buildActionMask</key>
			<string>2147483647</string>
			<key>files</key>
			<array/>
			<key>inputPaths</key>
			<array/>
			<key>isa</key>
			<string>PBXShellScriptBuildPhase</string>
			<key>name</key>
			<string>Check Pods Manifest.lock</string>
			<key>outputPaths</key>
			<array/>
			<key>runOnlyForDeploymentPostprocessing</key>
			<string>0</string>
			<key>shellPath</key>
			<string>/bin/sh</string>
			<key>shellScript</key>
			<string>diff "${PODS_ROOT}/../Podfile.lock" "${PODS_ROOT}/Manifest.lock" &gt; /dev/null
if [[ $? != 0 ]] ; then
    cat &lt;&lt; EOM
error: The sandbox is not in sync with the Podfile.lock. Run 'pod install' or update your CocoaPods installation.
EOM
    exit 1
fi
</string>
			<key>showEnvVarsInLog</key>
			<string>0</string>
		</dict>
		<key>896C6C12F4BD48178181116D</key>
		<dict>
			<key>fileRef</key>
			<string>CE65D4B28521438085302B5E</string>
			<key>isa</key>
			<string>PBXBuildFile</string>
		</dict>
		<key>CDCB344F1793405E00A25F1E</key>
		<dict>
			<key>children</key>
			<array>
				<string>CDCB34611793405E00A25F1E</string>
				<string>CDCB34851793405E00A25F1E</string>
				<string>CDCB345A1793405E00A25F1E</string>
				<string>CDCB34591793405E00A25F1E</string>
				<string>068C925544A84ED291ADA086</string>
			</array>
			<key>isa</key>
			<string>PBXGroup</string>
			<key>sourceTree</key>
			<string>&lt;group&gt;</string>
		</dict>
		<key>CDCB34501793405E00A25F1E</key>
		<dict>
			<key>attributes</key>
			<dict>
				<key>LastUpgradeCheck</key>
				<string>0460</string>
				<key>ORGANIZATIONNAME</key>
				<string>mo khan</string>
			</dict>
			<key>buildConfigurationList</key>
			<string>CDCB34531793405E00A25F1E</string>
			<key>compatibilityVersion</key>
			<string>Xcode 3.2</string>
			<key>developmentRegion</key>
			<string>English</string>
			<key>hasScannedForEncodings</key>
			<string>0</string>
			<key>isa</key>
			<string>PBXProject</string>
			<key>knownRegions</key>
			<array>
				<string>en</string>
			</array>
			<key>mainGroup</key>
			<string>CDCB344F1793405E00A25F1E</string>
			<key>productRefGroup</key>
			<string>CDCB34591793405E00A25F1E</string>
			<key>projectDirPath</key>
			<string></string>
			<key>projectReferences</key>
			<array/>
			<key>projectRoot</key>
			<string></string>
			<key>targets</key>
			<array>
				<string>CDCB34571793405E00A25F1E</string>
				<string>CDCB347D1793405E00A25F1E</string>
			</array>
		</dict>
		<key>CDCB34531793405E00A25F1E</key>
		<dict>
			<key>buildConfigurations</key>
			<array>
				<string>CDCB348E1793405E00A25F1E</string>
				<string>CDCB348F1793405E00A25F1E</string>
			</array>
			<key>defaultConfigurationIsVisible</key>
			<string>0</string>
			<key>defaultConfigurationName</key>
			<string>Release</string>
			<key>isa</key>
			<string>XCConfigurationList</string>
		</dict>
		<key>CDCB34541793405E00A25F1E</key>
		<dict>
			<key>buildActionMask</key>
			<string>2147483647</string>
			<key>files</key>
			<array>
				<string>CDCB34681793405E00A25F1E</string>
				<string>CDCB346C1793405E00A25F1E</string>
				<string>CDCB34751793405E00A25F1E</string>
			</array>
			<key>isa</key>
			<string>PBXSourcesBuildPhase</string>
			<key>runOnlyForDeploymentPostprocessing</key>
			<string>0</string>
		</dict>
		<key>CDCB34551793405E00A25F1E</key>
		<dict>
			<key>buildActionMask</key>
			<string>2147483647</string>
			<key>files</key>
			<array>
				<string>CDCB345C1793405E00A25F1E</string>
				<string>CDCB345E1793405E00A25F1E</string>
				<string>CDCB34601793405E00A25F1E</string>
				<string>896C6C12F4BD48178181116D</string>
			</array>
			<key>isa</key>
			<string>PBXFrameworksBuildPhase</string>
			<key>runOnlyForDeploymentPostprocessing</key>
			<string>0</string>
		</dict>
		<key>CDCB34561793405E00A25F1E</key>
		<dict>
			<key>buildActionMask</key>
			<string>2147483647</string>
			<key>files</key>
			<array>
				<string>CDCB34661793405E00A25F1E</string>
				<string>CDCB346E1793405E00A25F1E</string>
				<string>CDCB34701793405E00A25F1E</string>
				<string>CDCB34721793405E00A25F1E</string>
				<string>CDCB34781793405E00A25F1E</string>
			</array>
			<key>isa</key>
			<string>PBXResourcesBuildPhase</string>
			<key>runOnlyForDeploymentPostprocessing</key>
			<string>0</string>
		</dict>
		<key>CDCB34571793405E00A25F1E</key>
		<dict>
			<key>buildConfigurationList</key>
			<string>CDCB34901793405E00A25F1E</string>
			<key>buildPhases</key>
			<array>
				<string>416EF7F4DD18483B947CC003</string>
				<string>CDCB34541793405E00A25F1E</string>
				<string>CDCB34551793405E00A25F1E</string>
				<string>CDCB34561793405E00A25F1E</string>
				<string>03645F2011B24E10B462532E</string>
			</array>
			<key>buildRules</key>
			<array/>
			<key>dependencies</key>
			<array/>
			<key>isa</key>
			<string>PBXNativeTarget</string>
			<key>name</key>
			<string>cakeside-ios</string>
			<key>productName</key>
			<string>cakeside-ios</string>
			<key>productReference</key>
			<string>CDCB34581793405E00A25F1E</string>
			<key>productType</key>
			<string>com.apple.product-type.application</string>
		</dict>
		<key>CDCB34581793405E00A25F1E</key>
		<dict>
			<key>explicitFileType</key>
			<string>wrapper.application</string>
			<key>includeInIndex</key>
			<string>0</string>
			<key>isa</key>
			<string>PBXFileReference</string>
			<key>path</key>
			<string>cakeside-ios.app</string>
			<key>sourceTree</key>
			<string>BUILT_PRODUCTS_DIR</string>
		</dict>
		<key>CDCB34591793405E00A25F1E</key>
		<dict>
			<key>children</key>
			<array>
				<string>CDCB34581793405E00A25F1E</string>
				<string>CDCB347E1793405E00A25F1E</string>
			</array>
			<key>isa</key>
			<string>PBXGroup</string>
			<key>name</key>
			<string>Products</string>
			<key>sourceTree</key>
			<string>&lt;group&gt;</string>
		</dict>
		<key>CDCB345A1793405E00A25F1E</key>
		<dict>
			<key>children</key>
			<array>
				<string>CDCB345B1793405E00A25F1E</string>
				<string>CDCB345D1793405E00A25F1E</string>
				<string>CDCB345F1793405E00A25F1E</string>
				<string>CDCB347F1793405E00A25F1E</string>
				<string>CE65D4B28521438085302B5E</string>
			</array>
			<key>isa</key>
			<string>PBXGroup</string>
			<key>name</key>
			<string>Frameworks</string>
			<key>sourceTree</key>
			<string>&lt;group&gt;</string>
		</dict>
		<key>CDCB345B1793405E00A25F1E</key>
		<dict>
			<key>isa</key>
			<string>PBXFileReference</string>
			<key>lastKnownFileType</key>
			<string>wrapper.framework</string>
			<key>name</key>
			<string>UIKit.framework</string>
			<key>path</key>
			<string>System/Library/Frameworks/UIKit.framework</string>
			<key>sourceTree</key>
			<string>SDKROOT</string>
		</dict>
		<key>CDCB345C1793405E00A25F1E</key>
		<dict>
			<key>fileRef</key>
			<string>CDCB345B1793405E00A25F1E</string>
			<key>isa</key>
			<string>PBXBuildFile</string>
		</dict>
		<key>CDCB345D1793405E00A25F1E</key>
		<dict>
			<key>isa</key>
			<string>PBXFileReference</string>
			<key>lastKnownFileType</key>
			<string>wrapper.framework</string>
			<key>name</key>
			<string>Foundation.framework</string>
			<key>path</key>
			<string>System/Library/Frameworks/Foundation.framework</string>
			<key>sourceTree</key>
			<string>SDKROOT</string>
		</dict>
		<key>CDCB345E1793405E00A25F1E</key>
		<dict>
			<key>fileRef</key>
			<string>CDCB345D1793405E00A25F1E</string>
			<key>isa</key>
			<string>PBXBuildFile</string>
		</dict>
		<key>CDCB345F1793405E00A25F1E</key>
		<dict>
			<key>isa</key>
			<string>PBXFileReference</string>
			<key>lastKnownFileType</key>
			<string>wrapper.framework</string>
			<key>name</key>
			<string>CoreGraphics.framework</string>
			<key>path</key>
			<string>System/Library/Frameworks/CoreGraphics.framework</string>
			<key>sourceTree</key>
			<string>SDKROOT</string>
		</dict>
		<key>CDCB34601793405E00A25F1E</key>
		<dict>
			<key>fileRef</key>
			<string>CDCB345F1793405E00A25F1E</string>
			<key>isa</key>
			<string>PBXBuildFile</string>
		</dict>
		<key>CDCB34611793405E00A25F1E</key>
		<dict>
			<key>children</key>
			<array>
				<string>CDCB3498179340F500A25F1E</string>
				<string>CDCB3497179340F000A25F1E</string>
				<string>CDCB3496179340E900A25F1E</string>
				<string>CDCB346A1793405E00A25F1E</string>
				<string>CDCB346B1793405E00A25F1E</string>
				<string>CDCB34621793405E00A25F1E</string>
			</array>
			<key>isa</key>
			<string>PBXGroup</string>
			<key>path</key>
			<string>cakeside-ios</string>
			<key>sourceTree</key>
			<string>&lt;group&gt;</string>
		</dict>
		<key>CDCB34621793405E00A25F1E</key>
		<dict>
			<key>children</key>
			<array>
				<string>CDCB34631793405E00A25F1E</string>
				<string>CDCB34641793405E00A25F1E</string>
				<string>CDCB34671793405E00A25F1E</string>
				<string>CDCB34691793405E00A25F1E</string>
				<string>CDCB346D1793405E00A25F1E</string>
				<string>CDCB346F1793405E00A25F1E</string>
				<string>CDCB34711793405E00A25F1E</string>
			</array>
			<key>isa</key>
			<string>PBXGroup</string>
			<key>name</key>
			<string>Supporting Files</string>
			<key>sourceTree</key>
			<string>&lt;group&gt;</string>
		</dict>
		<key>CDCB34631793405E00A25F1E</key>
		<dict>
			<key>isa</key>
			<string>PBXFileReference</string>
			<key>lastKnownFileType</key>
			<string>text.plist.xml</string>
			<key>path</key>
			<string>cakeside-ios-Info.plist</string>
			<key>sourceTree</key>
			<string>&lt;group&gt;</string>
		</dict>
		<key>CDCB34641793405E00A25F1E</key>
		<dict>
			<key>children</key>
			<array>
				<string>CDCB34651793405E00A25F1E</string>
			</array>
			<key>isa</key>
			<string>PBXVariantGroup</string>
			<key>name</key>
			<string>InfoPlist.strings</string>
			<key>sourceTree</key>
			<string>&lt;group&gt;</string>
		</dict>
		<key>CDCB34651793405E00A25F1E</key>
		<dict>
			<key>isa</key>
			<string>PBXFileReference</string>
			<key>lastKnownFileType</key>
			<string>text.plist.strings</string>
			<key>name</key>
			<string>en</string>
			<key>path</key>
			<string>en.lproj/InfoPlist.strings</string>
			<key>sourceTree</key>
			<string>&lt;group&gt;</string>
		</dict>
		<key>CDCB34661793405E00A25F1E</key>
		<dict>
			<key>fileRef</key>
			<string>CDCB34641793405E00A25F1E</string>
			<key>isa</key>
			<string>PBXBuildFile</string>
		</dict>
		<key>CDCB34671793405E00A25F1E</key>
		<dict>
			<key>isa</key>
			<string>PBXFileReference</string>
			<key>lastKnownFileType</key>
			<string>sourcecode.c.objc</string>
			<key>path</key>
			<string>main.m</string>
			<key>sourceTree</key>
			<string>&lt;group&gt;</string>
		</dict>
		<key>CDCB34681793405E00A25F1E</key>
		<dict>
			<key>fileRef</key>
			<string>CDCB34671793405E00A25F1E</string>
			<key>isa</key>
			<string>PBXBuildFile</string>
		</dict>
		<key>CDCB34691793405E00A25F1E</key>
		<dict>
			<key>isa</key>
			<string>PBXFileReference</string>
			<key>lastKnownFileType</key>
			<string>sourcecode.c.h</string>
			<key>path</key>
			<string>cakeside-ios-Prefix.pch</string>
			<key>sourceTree</key>
			<string>&lt;group&gt;</string>
		</dict>
		<key>CDCB346A1793405E00A25F1E</key>
		<dict>
			<key>isa</key>
			<string>PBXFileReference</string>
			<key>lastKnownFileType</key>
			<string>sourcecode.c.h</string>
			<key>path</key>
			<string>AppDelegate.h</string>
			<key>sourceTree</key>
			<string>&lt;group&gt;</string>
		</dict>
		<key>CDCB346B1793405E00A25F1E</key>
		<dict>
			<key>isa</key>
			<string>PBXFileReference</string>
			<key>lastKnownFileType</key>
			<string>sourcecode.c.objc</string>
			<key>path</key>
			<string>AppDelegate.m</string>
			<key>sourceTree</key>
			<string>&lt;group&gt;</string>
		</dict>
		<key>CDCB346C1793405E00A25F1E</key>
		<dict>
			<key>fileRef</key>
			<string>CDCB346B1793405E00A25F1E</string>
			<key>isa</key>
			<string>PBXBuildFile</string>
		</dict>
		<key>CDCB346D1793405E00A25F1E</key>
		<dict>
			<key>isa</key>
			<string>PBXFileReference</string>
			<key>lastKnownFileType</key>
			<string>image.png</string>
			<key>path</key>
			<string>Default.png</string>
			<key>sourceTree</key>
			<string>&lt;group&gt;</string>
		</dict>
		<key>CDCB346E1793405E00A25F1E</key>
		<dict>
			<key>fileRef</key>
			<string>CDCB346D1793405E00A25F1E</string>
			<key>isa</key>
			<string>PBXBuildFile</string>
		</dict>
		<key>CDCB346F1793405E00A25F1E</key>
		<dict>
			<key>isa</key>
			<string>PBXFileReference</string>
			<key>lastKnownFileType</key>
			<string>image.png</string>
			<key>path</key>
			<string>Default@2x.png</string>
			<key>sourceTree</key>
			<string>&lt;group&gt;</string>
		</dict>
		<key>CDCB34701793405E00A25F1E</key>
		<dict>
			<key>fileRef</key>
			<string>CDCB346F1793405E00A25F1E</string>
			<key>isa</key>
			<string>PBXBuildFile</string>
		</dict>
		<key>CDCB34711793405E00A25F1E</key>
		<dict>
			<key>isa</key>
			<string>PBXFileReference</string>
			<key>lastKnownFileType</key>
			<string>image.png</string>
			<key>path</key>
			<string>Default-568h@2x.png</string>
			<key>sourceTree</key>
			<string>&lt;group&gt;</string>
		</dict>
		<key>CDCB34721793405E00A25F1E</key>
		<dict>
			<key>fileRef</key>
			<string>CDCB34711793405E00A25F1E</string>
			<key>isa</key>
			<string>PBXBuildFile</string>
		</dict>
		<key>CDCB34731793405E00A25F1E</key>
		<dict>
			<key>isa</key>
			<string>PBXFileReference</string>
			<key>lastKnownFileType</key>
			<string>sourcecode.c.h</string>
			<key>path</key>
			<string>LoginViewController.h</string>
			<key>sourceTree</key>
			<string>&lt;group&gt;</string>
		</dict>
		<key>CDCB34741793405E00A25F1E</key>
		<dict>
			<key>isa</key>
			<string>PBXFileReference</string>
			<key>lastKnownFileType</key>
			<string>sourcecode.c.objc</string>
			<key>path</key>
			<string>LoginViewController.m</string>
			<key>sourceTree</key>
			<string>&lt;group&gt;</string>
		</dict>
		<key>CDCB34751793405E00A25F1E</key>
		<dict>
			<key>fileRef</key>
			<string>CDCB34741793405E00A25F1E</string>
			<key>isa</key>
			<string>PBXBuildFile</string>
		</dict>
		<key>CDCB34761793405E00A25F1E</key>
		<dict>
			<key>children</key>
			<array>
				<string>CDCB34771793405E00A25F1E</string>
			</array>
			<key>isa</key>
			<string>PBXVariantGroup</string>
			<key>name</key>
			<string>LoginViewController.xib</string>
			<key>sourceTree</key>
			<string>&lt;group&gt;</string>
		</dict>
		<key>CDCB34771793405E00A25F1E</key>
		<dict>
			<key>isa</key>
			<string>PBXFileReference</string>
			<key>lastKnownFileType</key>
			<string>file.xib</string>
			<key>name</key>
			<string>en</string>
			<key>path</key>
			<string>en.lproj/LoginViewController.xib</string>
			<key>sourceTree</key>
			<string>&lt;group&gt;</string>
		</dict>
		<key>CDCB34781793405E00A25F1E</key>
		<dict>
			<key>fileRef</key>
			<string>CDCB34761793405E00A25F1E</string>
			<key>isa</key>
			<string>PBXBuildFile</string>
		</dict>
		<key>CDCB34791793405E00A25F1E</key>
		<dict>
			<key>buildActionMask</key>
			<string>2147483647</string>
			<key>files</key>
			<array>
				<string>CDCB348D1793405E00A25F1E</string>
			</array>
			<key>isa</key>
			<string>PBXSourcesBuildPhase</string>
			<key>runOnlyForDeploymentPostprocessing</key>
			<string>0</string>
		</dict>
		<key>CDCB347A1793405E00A25F1E</key>
		<dict>
			<key>buildActionMask</key>
			<string>2147483647</string>
			<key>files</key>
			<array>
				<string>CDCB34801793405E00A25F1E</string>
				<string>CDCB34811793405E00A25F1E</string>
				<string>CDCB34821793405E00A25F1E</string>
			</array>
			<key>isa</key>
			<string>PBXFrameworksBuildPhase</string>
			<key>runOnlyForDeploymentPostprocessing</key>
			<string>0</string>
		</dict>
		<key>CDCB347B1793405E00A25F1E</key>
		<dict>
			<key>buildActionMask</key>
			<string>2147483647</string>
			<key>files</key>
			<array>
				<string>CDCB348A1793405E00A25F1E</string>
			</array>
			<key>isa</key>
			<string>PBXResourcesBuildPhase</string>
			<key>runOnlyForDeploymentPostprocessing</key>
			<string>0</string>
		</dict>
		<key>CDCB347C1793405E00A25F1E</key>
		<dict>
			<key>buildActionMask</key>
			<string>2147483647</string>
			<key>files</key>
			<array/>
			<key>inputPaths</key>
			<array/>
			<key>isa</key>
			<string>PBXShellScriptBuildPhase</string>
			<key>outputPaths</key>
			<array/>
			<key>runOnlyForDeploymentPostprocessing</key>
			<string>0</string>
			<key>shellPath</key>
			<string>/bin/sh</string>
			<key>shellScript</key>
			<string># Run the unit tests in this test bundle.
"${SYSTEM_DEVELOPER_DIR}/Tools/RunUnitTests"
</string>
		</dict>
		<key>CDCB347D1793405E00A25F1E</key>
		<dict>
			<key>buildConfigurationList</key>
			<string>CDCB34931793405E00A25F1E</string>
			<key>buildPhases</key>
			<array>
				<string>CDCB34791793405E00A25F1E</string>
				<string>CDCB347A1793405E00A25F1E</string>
				<string>CDCB347B1793405E00A25F1E</string>
				<string>CDCB347C1793405E00A25F1E</string>
			</array>
			<key>buildRules</key>
			<array/>
			<key>dependencies</key>
			<array>
				<string>CDCB34841793405E00A25F1E</string>
			</array>
			<key>isa</key>
			<string>PBXNativeTarget</string>
			<key>name</key>
			<string>cakeside-iosTests</string>
			<key>productName</key>
			<string>cakeside-iosTests</string>
			<key>productReference</key>
			<string>CDCB347E1793405E00A25F1E</string>
			<key>productType</key>
			<string>com.apple.product-type.bundle</string>
		</dict>
		<key>CDCB347E1793405E00A25F1E</key>
		<dict>
			<key>explicitFileType</key>
			<string>wrapper.cfbundle</string>
			<key>includeInIndex</key>
			<string>0</string>
			<key>isa</key>
			<string>PBXFileReference</string>
			<key>path</key>
			<string>cakeside-iosTests.octest</string>
			<key>sourceTree</key>
			<string>BUILT_PRODUCTS_DIR</string>
		</dict>
		<key>CDCB347F1793405E00A25F1E</key>
		<dict>
			<key>isa</key>
			<string>PBXFileReference</string>
			<key>lastKnownFileType</key>
			<string>wrapper.framework</string>
			<key>name</key>
			<string>SenTestingKit.framework</string>
			<key>path</key>
			<string>Library/Frameworks/SenTestingKit.framework</string>
			<key>sourceTree</key>
			<string>DEVELOPER_DIR</string>
		</dict>
		<key>CDCB34801793405E00A25F1E</key>
		<dict>
			<key>fileRef</key>
			<string>CDCB347F1793405E00A25F1E</string>
			<key>isa</key>
			<string>PBXBuildFile</string>
		</dict>
		<key>CDCB34811793405E00A25F1E</key>
		<dict>
			<key>fileRef</key>
			<string>CDCB345B1793405E00A25F1E</string>
			<key>isa</key>
			<string>PBXBuildFile</string>
		</dict>
		<key>CDCB34821793405E00A25F1E</key>
		<dict>
			<key>fileRef</key>
			<string>CDCB345D1793405E00A25F1E</string>
			<key>isa</key>
			<string>PBXBuildFile</string>
		</dict>
		<key>CDCB34831793405E00A25F1E</key>
		<dict>
			<key>containerPortal</key>
			<string>CDCB34501793405E00A25F1E</string>
			<key>isa</key>
			<string>PBXContainerItemProxy</string>
			<key>proxyType</key>
			<string>1</string>
			<key>remoteGlobalIDString</key>
			<string>CDCB34571793405E00A25F1E</string>
			<key>remoteInfo</key>
			<string>cakeside-ios</string>
		</dict>
		<key>CDCB34841793405E00A25F1E</key>
		<dict>
			<key>isa</key>
			<string>PBXTargetDependency</string>
			<key>target</key>
			<string>CDCB34571793405E00A25F1E</string>
			<key>targetProxy</key>
			<string>CDCB34831793405E00A25F1E</string>
		</dict>
		<key>CDCB34851793405E00A25F1E</key>
		<dict>
			<key>children</key>
			<array>
				<string>CDCB348B1793405E00A25F1E</string>
				<string>CDCB348C1793405E00A25F1E</string>
				<string>CDCB34861793405E00A25F1E</string>
			</array>
			<key>isa</key>
			<string>PBXGroup</string>
			<key>path</key>
			<string>cakeside-iosTests</string>
			<key>sourceTree</key>
			<string>&lt;group&gt;</string>
		</dict>
		<key>CDCB34861793405E00A25F1E</key>
		<dict>
			<key>children</key>
			<array>
				<string>CDCB34871793405E00A25F1E</string>
				<string>CDCB34881793405E00A25F1E</string>
			</array>
			<key>isa</key>
			<string>PBXGroup</string>
			<key>name</key>
			<string>Supporting Files</string>
			<key>sourceTree</key>
			<string>&lt;group&gt;</string>
		</dict>
		<key>CDCB34871793405E00A25F1E</key>
		<dict>
			<key>isa</key>
			<string>PBXFileReference</string>
			<key>lastKnownFileType</key>
			<string>text.plist.xml</string>
			<key>path</key>
			<string>cakeside-iosTests-Info.plist</string>
			<key>sourceTree</key>
			<string>&lt;group&gt;</string>
		</dict>
		<key>CDCB34881793405E00A25F1E</key>
		<dict>
			<key>children</key>
			<array>
				<string>CDCB34891793405E00A25F1E</string>
			</array>
			<key>isa</key>
			<string>PBXVariantGroup</string>
			<key>name</key>
			<string>InfoPlist.strings</string>
			<key>sourceTree</key>
			<string>&lt;group&gt;</string>
		</dict>
		<key>CDCB34891793405E00A25F1E</key>
		<dict>
			<key>isa</key>
			<string>PBXFileReference</string>
			<key>lastKnownFileType</key>
			<string>text.plist.strings</string>
			<key>name</key>
			<string>en</string>
			<key>path</key>
			<string>en.lproj/InfoPlist.strings</string>
			<key>sourceTree</key>
			<string>&lt;group&gt;</string>
		</dict>
		<key>CDCB348A1793405E00A25F1E</key>
		<dict>
			<key>fileRef</key>
			<string>CDCB34881793405E00A25F1E</string>
			<key>isa</key>
			<string>PBXBuildFile</string>
		</dict>
		<key>CDCB348B1793405E00A25F1E</key>
		<dict>
			<key>isa</key>
			<string>PBXFileReference</string>
			<key>lastKnownFileType</key>
			<string>sourcecode.c.h</string>
			<key>path</key>
			<string>cakeside_iosTests.h</string>
			<key>sourceTree</key>
			<string>&lt;group&gt;</string>
		</dict>
		<key>CDCB348C1793405E00A25F1E</key>
		<dict>
			<key>isa</key>
			<string>PBXFileReference</string>
			<key>lastKnownFileType</key>
			<string>sourcecode.c.objc</string>
			<key>path</key>
			<string>cakeside_iosTests.m</string>
			<key>sourceTree</key>
			<string>&lt;group&gt;</string>
		</dict>
		<key>CDCB348D1793405E00A25F1E</key>
		<dict>
			<key>fileRef</key>
			<string>CDCB348C1793405E00A25F1E</string>
			<key>isa</key>
			<string>PBXBuildFile</string>
		</dict>
		<key>CDCB348E1793405E00A25F1E</key>
		<dict>
			<key>buildSettings</key>
			<dict>
				<key>ALWAYS_SEARCH_USER_PATHS</key>
				<string>NO</string>
				<key>CLANG_CXX_LANGUAGE_STANDARD</key>
				<string>gnu++0x</string>
				<key>CLANG_CXX_LIBRARY</key>
				<string>libc++</string>
				<key>CLANG_ENABLE_OBJC_ARC</key>
				<string>YES</string>
				<key>CLANG_WARN_CONSTANT_CONVERSION</key>
				<string>YES</string>
				<key>CLANG_WARN_EMPTY_BODY</key>
				<string>YES</string>
				<key>CLANG_WARN_ENUM_CONVERSION</key>
				<string>YES</string>
				<key>CLANG_WARN_INT_CONVERSION</key>
				<string>YES</string>
				<key>CLANG_WARN__DUPLICATE_METHOD_MATCH</key>
				<string>YES</string>
				<key>CODE_SIGN_IDENTITY[sdk=iphoneos*]</key>
				<string>iPhone Developer</string>
				<key>COPY_PHASE_STRIP</key>
				<string>NO</string>
				<key>GCC_C_LANGUAGE_STANDARD</key>
				<string>gnu99</string>
				<key>GCC_DYNAMIC_NO_PIC</key>
				<string>NO</string>
				<key>GCC_OPTIMIZATION_LEVEL</key>
				<string>0</string>
				<key>GCC_PREPROCESSOR_DEFINITIONS</key>
				<array>
					<string>DEBUG=1</string>
					<string>$(inherited)</string>
				</array>
				<key>GCC_SYMBOLS_PRIVATE_EXTERN</key>
				<string>NO</string>
				<key>GCC_WARN_ABOUT_RETURN_TYPE</key>
				<string>YES</string>
				<key>GCC_WARN_UNINITIALIZED_AUTOS</key>
				<string>YES</string>
				<key>GCC_WARN_UNUSED_VARIABLE</key>
				<string>YES</string>
				<key>IPHONEOS_DEPLOYMENT_TARGET</key>
				<string>6.1</string>
				<key>ONLY_ACTIVE_ARCH</key>
				<string>YES</string>
				<key>SDKROOT</key>
				<string>iphoneos</string>
			</dict>
			<key>isa</key>
			<string>XCBuildConfiguration</string>
			<key>name</key>
			<string>Debug</string>
		</dict>
		<key>CDCB348F1793405E00A25F1E</key>
		<dict>
			<key>buildSettings</key>
			<dict>
				<key>ALWAYS_SEARCH_USER_PATHS</key>
				<string>NO</string>
				<key>CLANG_CXX_LANGUAGE_STANDARD</key>
				<string>gnu++0x</string>
				<key>CLANG_CXX_LIBRARY</key>
				<string>libc++</string>
				<key>CLANG_ENABLE_OBJC_ARC</key>
				<string>YES</string>
				<key>CLANG_WARN_CONSTANT_CONVERSION</key>
				<string>YES</string>
				<key>CLANG_WARN_EMPTY_BODY</key>
				<string>YES</string>
				<key>CLANG_WARN_ENUM_CONVERSION</key>
				<string>YES</string>
				<key>CLANG_WARN_INT_CONVERSION</key>
				<string>YES</string>
				<key>CLANG_WARN__DUPLICATE_METHOD_MATCH</key>
				<string>YES</string>
				<key>CODE_SIGN_IDENTITY[sdk=iphoneos*]</key>
				<string>iPhone Developer</string>
				<key>COPY_PHASE_STRIP</key>
				<string>YES</string>
				<key>GCC_C_LANGUAGE_STANDARD</key>
				<string>gnu99</string>
				<key>GCC_WARN_ABOUT_RETURN_TYPE</key>
				<string>YES</string>
				<key>GCC_WARN_UNINITIALIZED_AUTOS</key>
				<string>YES</string>
				<key>GCC_WARN_UNUSED_VARIABLE</key>
				<string>YES</string>
				<key>IPHONEOS_DEPLOYMENT_TARGET</key>
				<string>6.1</string>
				<key>OTHER_CFLAGS</key>
				<string>-DNS_BLOCK_ASSERTIONS=1</string>
				<key>SDKROOT</key>
				<string>iphoneos</string>
				<key>VALIDATE_PRODUCT</key>
				<string>YES</string>
			</dict>
			<key>isa</key>
			<string>XCBuildConfiguration</string>
			<key>name</key>
			<string>Release</string>
		</dict>
		<key>CDCB34901793405E00A25F1E</key>
		<dict>
			<key>buildConfigurations</key>
			<array>
				<string>CDCB34911793405E00A25F1E</string>
				<string>CDCB34921793405E00A25F1E</string>
			</array>
			<key>defaultConfigurationIsVisible</key>
			<string>0</string>
			<key>isa</key>
			<string>XCConfigurationList</string>
		</dict>
		<key>CDCB34911793405E00A25F1E</key>
		<dict>
			<key>baseConfigurationReference</key>
			<string>068C925544A84ED291ADA086</string>
			<key>buildSettings</key>
			<dict>
				<key>GCC_PRECOMPILE_PREFIX_HEADER</key>
				<string>YES</string>
				<key>GCC_PREFIX_HEADER</key>
				<string>cakeside-ios/cakeside-ios-Prefix.pch</string>
				<key>INFOPLIST_FILE</key>
				<string>cakeside-ios/cakeside-ios-Info.plist</string>
				<key>PRODUCT_NAME</key>
				<string>$(TARGET_NAME)</string>
				<key>WRAPPER_EXTENSION</key>
				<string>app</string>
			</dict>
			<key>isa</key>
			<string>XCBuildConfiguration</string>
			<key>name</key>
			<string>Debug</string>
		</dict>
		<key>CDCB34921793405E00A25F1E</key>
		<dict>
			<key>baseConfigurationReference</key>
			<string>068C925544A84ED291ADA086</string>
			<key>buildSettings</key>
			<dict>
				<key>GCC_PRECOMPILE_PREFIX_HEADER</key>
				<string>YES</string>
				<key>GCC_PREFIX_HEADER</key>
				<string>cakeside-ios/cakeside-ios-Prefix.pch</string>
				<key>INFOPLIST_FILE</key>
				<string>cakeside-ios/cakeside-ios-Info.plist</string>
				<key>PRODUCT_NAME</key>
				<string>$(TARGET_NAME)</string>
				<key>WRAPPER_EXTENSION</key>
				<string>app</string>
			</dict>
			<key>isa</key>
			<string>XCBuildConfiguration</string>
			<key>name</key>
			<string>Release</string>
		</dict>
		<key>CDCB34931793405E00A25F1E</key>
		<dict>
			<key>buildConfigurations</key>
			<array>
				<string>CDCB34941793405E00A25F1E</string>
				<string>CDCB34951793405E00A25F1E</string>
			</array>
			<key>defaultConfigurationIsVisible</key>
			<string>0</string>
			<key>isa</key>
			<string>XCConfigurationList</string>
		</dict>
		<key>CDCB34941793405E00A25F1E</key>
		<dict>
			<key>buildSettings</key>
			<dict>
				<key>BUNDLE_LOADER</key>
				<string>$(BUILT_PRODUCTS_DIR)/cakeside-ios.app/cakeside-ios</string>
				<key>FRAMEWORK_SEARCH_PATHS</key>
				<array>
					<string>"$(SDKROOT)/Developer/Library/Frameworks"</string>
					<string>"$(DEVELOPER_LIBRARY_DIR)/Frameworks"</string>
				</array>
				<key>GCC_PRECOMPILE_PREFIX_HEADER</key>
				<string>YES</string>
				<key>GCC_PREFIX_HEADER</key>
				<string>cakeside-ios/cakeside-ios-Prefix.pch</string>
				<key>INFOPLIST_FILE</key>
				<string>cakeside-iosTests/cakeside-iosTests-Info.plist</string>
				<key>PRODUCT_NAME</key>
				<string>$(TARGET_NAME)</string>
				<key>TEST_HOST</key>
				<string>$(BUNDLE_LOADER)</string>
				<key>WRAPPER_EXTENSION</key>
				<string>octest</string>
			</dict>
			<key>isa</key>
			<string>XCBuildConfiguration</string>
			<key>name</key>
			<string>Debug</string>
		</dict>
		<key>CDCB34951793405E00A25F1E</key>
		<dict>
			<key>buildSettings</key>
			<dict>
				<key>BUNDLE_LOADER</key>
				<string>$(BUILT_PRODUCTS_DIR)/cakeside-ios.app/cakeside-ios</string>
				<key>FRAMEWORK_SEARCH_PATHS</key>
				<array>
					<string>"$(SDKROOT)/Developer/Library/Frameworks"</string>
					<string>"$(DEVELOPER_LIBRARY_DIR)/Frameworks"</string>
				</array>
				<key>GCC_PRECOMPILE_PREFIX_HEADER</key>
				<string>YES</string>
				<key>GCC_PREFIX_HEADER</key>
				<string>cakeside-ios/cakeside-ios-Prefix.pch</string>
				<key>INFOPLIST_FILE</key>
				<string>cakeside-iosTests/cakeside-iosTests-Info.plist</string>
				<key>PRODUCT_NAME</key>
				<string>$(TARGET_NAME)</string>
				<key>TEST_HOST</key>
				<string>$(BUNDLE_LOADER)</string>
				<key>WRAPPER_EXTENSION</key>
				<string>octest</string>
			</dict>
			<key>isa</key>
			<string>XCBuildConfiguration</string>
			<key>name</key>
			<string>Release</string>
		</dict>
		<key>CDCB3496179340E900A25F1E</key>
		<dict>
			<key>children</key>
			<array>
				<string>CDCB34731793405E00A25F1E</string>
				<string>CDCB34741793405E00A25F1E</string>
			</array>
			<key>isa</key>
			<string>PBXGroup</string>
			<key>name</key>
			<string>controllers</string>
			<key>sourceTree</key>
			<string>&lt;group&gt;</string>
		</dict>
		<key>CDCB3497179340F000A25F1E</key>
		<dict>
			<key>children</key>
			<array>
				<string>CDCB34761793405E00A25F1E</string>
			</array>
			<key>isa</key>
			<string>PBXGroup</string>
			<key>name</key>
			<string>views</string>
			<key>sourceTree</key>
			<string>&lt;group&gt;</string>
		</dict>
		<key>CDCB3498179340F500A25F1E</key>
		<dict>
			<key>children</key>
			<array/>
			<key>isa</key>
			<string>PBXGroup</string>
			<key>name</key>
			<string>models</string>
			<key>sourceTree</key>
			<string>&lt;group&gt;</string>
		</dict>
		<key>CE65D4B28521438085302B5E</key>
		<dict>
			<key>explicitFileType</key>
			<string>archive.ar</string>
			<key>includeInIndex</key>
			<string>0</string>
			<key>isa</key>
			<string>PBXFileReference</string>
			<key>path</key>
			<string>libPods.a</string>
			<key>sourceTree</key>
			<string>BUILT_PRODUCTS_DIR</string>
		</dict>
	</dict>
	<key>rootObject</key>
	<string>CDCB34501793405E00A25F1E</string>
</dict>
</plist>
